
Microsoft Visual Studio Solution File, Format Version 12.00
# Visual Studio Version 16
VisualStudioVersion = 16.0.29920.165
MinimumVisualStudioVersion = 10.0.40219.1
Project("{9A19103F-16F7-4668-BE54-9A1E7A4F7556}") = "BLL", "BLL\BLL.csproj", "{46600A14-BCC0-4F29-889D-5C526D27BC67}"
EndProject
Project("{9A19103F-16F7-4668-BE54-9A1E7A4F7556}") = "Mapper", "Mapper\Mapper.csproj", "{95B01494-9F32-4CCF-AFFB-ED41676B2D23}"
EndProject
Project("{9A19103F-16F7-4668-BE54-9A1E7A4F7556}") = "PersistenceLayer", "PersistenceLayer\PersistenceLayer.csproj", "{7E8288F5-4951-41CD-BC6A-54A8F267A9C9}"
EndProject
Project("{9A19103F-16F7-4668-BE54-9A1E7A4F7556}") = "Repositories", "Repositories\Repositories.csproj", "{6E08CD46-28BD-440A-9CC7-4C0D2BADE231}"
EndProject
Project("{FAE04EC0-301F-11D3-BF4B-00C04F79EFBC}") = "Api", "Api\Api.csproj", "{5433448B-2B85-4086-8B8B-6B78535721CA}"
EndProject
Global
	GlobalSection(SolutionConfigurationPlatforms) = preSolution
		Debug|Any CPU = Debug|Any CPU
		Release|Any CPU = Release|Any CPU
	EndGlobalSection
	GlobalSection(ProjectConfigurationPlatforms) = postSolution
		{46600A14-BCC0-4F29-889D-5C526D27BC67}.Debug|Any CPU.ActiveCfg = Debug|Any CPU
		{46600A14-BCC0-4F29-889D-5C526D27BC67}.Debug|Any CPU.Build.0 = Debug|Any CPU
		{46600A14-BCC0-4F29-889D-5C526D27BC67}.Release|Any CPU.ActiveCfg = Release|Any CPU
		{46600A14-BCC0-4F29-889D-5C526D27BC67}.Release|Any CPU.Build.0 = Release|Any CPU
		{95B01494-9F32-4CCF-AFFB-ED41676B2D23}.Debug|Any CPU.ActiveCfg = Debug|Any CPU
		{95B01494-9F32-4CCF-AFFB-ED41676B2D23}.Debug|Any CPU.Build.0 = Debug|Any CPU
		{95B01494-9F32-4CCF-AFFB-ED41676B2D23}.Release|Any CPU.ActiveCfg = Release|Any CPU
		{95B01494-9F32-4CCF-AFFB-ED41676B2D23}.Release|Any CPU.Build.0 = Release|Any CPU
		{7E8288F5-4951-41CD-BC6A-54A8F267A9C9}.Debug|Any CPU.ActiveCfg = Debug|Any CPU
		{7E8288F5-4951-41CD-BC6A-54A8F267A9C9}.Debug|Any CPU.Build.0 = Debug|Any CPU
		{7E8288F5-4951-41CD-BC6A-54A8F267A9C9}.Release|Any CPU.ActiveCfg = Release|Any CPU
		{7E8288F5-4951-41CD-BC6A-54A8F267A9C9}.Release|Any CPU.Build.0 = Release|Any CPU
		{6E08CD46-28BD-440A-9CC7-4C0D2BADE231}.Debug|Any CPU.ActiveCfg = Debug|Any CPU
		{6E08CD46-28BD-440A-9CC7-4C0D2BADE231}.Debug|Any CPU.Build.0 = Debug|Any CPU
		{6E08CD46-28BD-440A-9CC7-4C0D2BADE231}.Release|Any CPU.ActiveCfg = Release|Any CPU
		{6E08CD46-28BD-440A-9CC7-4C0D2BADE231}.Release|Any CPU.Build.0 = Release|Any CPU
		{5433448B-2B85-4086-8B8B-6B78535721CA}.Debug|Any CPU.ActiveCfg = Debug|Any CPU
		{5433448B-2B85-4086-8B8B-6B78535721CA}.Debug|Any CPU.Build.0 = Debug|Any CPU
		{5433448B-2B85-4086-8B8B-6B78535721CA}.Release|Any CPU.ActiveCfg = Release|Any CPU
		{5433448B-2B85-4086-8B8B-6B78535721CA}.Release|Any CPU.Build.0 = Release|Any CPU
	EndGlobalSection
	GlobalSection(SolutionProperties) = preSolution
		HideSolutionNode = FALSE
	EndGlobalSection
	GlobalSection(ExtensibilityGlobals) = postSolution
		SolutionGuid = {C355490A-3E53-4417-94BA-DFB69F1160A0}
	EndGlobalSection
EndGlobal
